Microsoft Visual Studio Solution File, Format Version 11.00
# Visual Studio 2008

Project("{B5F23369-22B9-9255-BF33-7093B90A382E}") = "Space Shmup", "Assembly-CSharp.csproj", "{C5959E14-D943-B8F2-322F-6104049E3617}"
EndProject
Global
	GlobalSection(SolutionConfigurationPlatforms) = preSolution
		Debug|Any CPU = Debug|Any CPU
		Release|Any CPU = Release|Any CPU
	EndGlobalSection
	GlobalSection(ProjectConfigurationPlatforms) = postSolution
		{C5959E14-D943-B8F2-322F-6104049E3617}.Debug|Any CPU.ActiveCfg = Debug|Any CPU
		{C5959E14-D943-B8F2-322F-6104049E3617}.Debug|Any CPU.Build.0 = Debug|Any CPU
		{C5959E14-D943-B8F2-322F-6104049E3617}.Release|Any CPU.ActiveCfg = Release|Any CPU
		{C5959E14-D943-B8F2-322F-6104049E3617}.Release|Any CPU.Build.0 = Release|Any CPU
	EndGlobalSection
	GlobalSection(SolutionProperties) = preSolution
		HideSolutionNode = FALSE
	EndGlobalSection
	GlobalSection(MonoDevelopProperties) = preSolution
		StartupItem = Assembly-CSharp.csproj
	EndGlobalSection
EndGlobal
